
Microsoft Visual Studio Solution File, Format Version 12.00
# Visual Studio Version 16
VisualStudioVersion = 16.0.32228.343
MinimumVisualStudioVersion = 10.0.40219.1
Project("{FAE04EC0-301F-11D3-BF4B-00C04F79EFBC}") = "Deliverable_2", "Deliverable_2\Deliverable_2.csproj", "{662EBDD9-C7BA-441E-A152-A7AD82BBCB7F}"
EndProject
Global
	GlobalSection(SolutionConfigurationPlatforms) = preSolution
		Debug|Any CPU = Debug|Any CPU
		Release|Any CPU = Release|Any CPU
	EndGlobalSection
	GlobalSection(ProjectConfigurationPlatforms) = postSolution
		{662EBDD9-C7BA-441E-A152-A7AD82BBCB7F}.Debug|Any CPU.ActiveCfg = Debug|Any CPU
		{662EBDD9-C7BA-441E-A152-A7AD82BBCB7F}.Debug|Any CPU.Build.0 = Debug|Any CPU
		{662EBDD9-C7BA-441E-A152-A7AD82BBCB7F}.Release|Any CPU.ActiveCfg = Release|Any CPU
		{662EBDD9-C7BA-441E-A152-A7AD82BBCB7F}.Release|Any CPU.Build.0 = Release|Any CPU
	EndGlobalSection
	GlobalSection(SolutionProperties) = preSolution
		HideSolutionNode = FALSE
	EndGlobalSection
	GlobalSection(ExtensibilityGlobals) = postSolution
		SolutionGuid = {3EA1E3FC-3C07-4AFD-99A0-83D8B3AFD3C0}
	EndGlobalSection
EndGlobal
